
Microsoft Visual Studio Solution File, Format Version 12.00
# Visual Studio 15
VisualStudioVersion = 15.0.28307.106
MinimumVisualStudioVersion = 10.0.40219.1
Project("{FAE04EC0-301F-11D3-BF4B-00C04F79EFBC}") = "ICE-ICE-BABY", "ICE-ICE-BABY\ICE-ICE-BABY.csproj", "{54E84CE5-28D1-4554-B864-976F5A48C274}"
EndProject
Global
	GlobalSection(SolutionConfigurationPlatforms) = preSolution
		Debug|Any CPU = Debug|Any CPU
		Release|Any CPU = Release|Any CPU
	EndGlobalSection
	GlobalSection(ProjectConfigurationPlatforms) = postSolution
		{54E84CE5-28D1-4554-B864-976F5A48C274}.Debug|Any CPU.ActiveCfg = Debug|Any CPU
		{54E84CE5-28D1-4554-B864-976F5A48C274}.Debug|Any CPU.Build.0 = Debug|Any CPU
		{54E84CE5-28D1-4554-B864-976F5A48C274}.Release|Any CPU.ActiveCfg = Release|Any CPU
		{54E84CE5-28D1-4554-B864-976F5A48C274}.Release|Any CPU.Build.0 = Release|Any CPU
	EndGlobalSection
	GlobalSection(SolutionProperties) = preSolution
		HideSolutionNode = FALSE
	EndGlobalSection
	GlobalSection(ExtensibilityGlobals) = postSolution
		SolutionGuid = {52287FFC-2E94-4406-A125-6398D0960C8C}
	EndGlobalSection
EndGlobal
